// !$*UTF8*$!
{
	archiveVersion = 1;
	classes = {
	};
	objectVersion = 46;
	objects = {

/* Begin PBXBuildFile section */
		27A3E6EF1ADB692100455437 /* deepFirstSearch.cpp in Sources */ = {isa = PBXBuildFile; fileRef = 27A3E6EE1ADB692100455437 /* deepFirstSearch.cpp */; };
		27A3E6F21ADB6C0500455437 /* adjacencyList.cpp in Sources */ = {isa = PBXBuildFile; fileRef = 27A3E6F01ADB6C0500455437 /* adjacencyList.cpp */; };
		27A3E6F51ADB901C00455437 /* MinimumSpanningTree.cpp in Sources */ = {isa = PBXBuildFile; fileRef = 27A3E6F41ADB901C00455437 /* MinimumSpanningTree.cpp */; };
		27A3E6F81ADBA44100455437 /* BinarySearchTree.cpp in Sources */ = {isa = PBXBuildFile; fileRef = 27A3E6F61ADBA44100455437 /* BinarySearchTree.cpp */; };
		27AA44351ACA7EE700731289 /* heapSort.c in Sources */ = {isa = PBXBuildFile; fileRef = 27AA44331ACA7EE700731289 /* heapSort.c */; };
		27AAD3111AE3DB9D008FC969 /* mergeSort.cpp in Sources */ = {isa = PBXBuildFile; fileRef = 27AAD30F1AE3DB9D008FC969 /* mergeSort.cpp */; };
		27B55B3B1AD7A34100F3D68F /* breadthFirstSearch.cpp in Sources */ = {isa = PBXBuildFile; fileRef = 27B55B3A1AD7A34100F3D68F /* breadthFirstSearch.cpp */; };
		27B55B3E1AD7AF4700F3D68F /* quickSort.cpp in Sources */ = {isa = PBXBuildFile; fileRef = 27B55B3C1AD7AF4700F3D68F /* quickSort.cpp */; };
		27C4D9BB1ACC1FC200EA6B18 /* priorityQueue.cpp in Sources */ = {isa = PBXBuildFile; fileRef = 27C4D9B91ACC1FC200EA6B18 /* priorityQueue.cpp */; };
		27C4D9BE1ACC207300EA6B18 /* poj1088.cpp in Sources */ = {isa = PBXBuildFile; fileRef = 27C4D9BD1ACC207300EA6B18 /* poj1088.cpp */; };
		27C726E11AD4D54D00FBF1D8 /* poj1636.cpp in Sources */ = {isa = PBXBuildFile; fileRef = 27C726E01AD4D54D00FBF1D8 /* poj1636.cpp */; };
		27FB87BF1ACB7D0B0066B5C3 /* poj1019.cpp in Sources */ = {isa = PBXBuildFile; fileRef = 27FB87BD1ACB7D0B0066B5C3 /* poj1019.cpp */; };
		27FB87C01ACB7D0B0066B5C3 /* poj1125.cpp in Sources */ = {isa = PBXBuildFile; fileRef = 27FB87BE1ACB7D0B0066B5C3 /* poj1125.cpp */; };
/* End PBXBuildFile section */

/* Begin PBXCopyFilesBuildPhase section */
		27B9786A1A806CF800AD1BEE /* CopyFiles */ = {
			isa = PBXCopyFilesBuildPhase;
			buildActionMask = 2147483647;
			dstPath = /usr/share/man/man1/;
			dstSubfolderSpec = 0;
			files = (
			);
			runOnlyForDeploymentPostprocessing = 1;
		};
/* End PBXCopyFilesBuildPhase section */

/* Begin PBXFileReference section */
		27A3E6EE1ADB692100455437 /* deepFirstSearch.cpp */ = {isa = PBXFileReference; fileEncoding = 4; lastKnownFileType = sourcecode.cpp.cpp; path = deepFirstSearch.cpp; sourceTree = "<group>"; };
		27A3E6F01ADB6C0500455437 /* adjacencyList.cpp */ = {isa = PBXFileReference; fileEncoding = 4; lastKnownFileType = sourcecode.cpp.cpp; path = adjacencyList.cpp; sourceTree = "<group>"; };
		27A3E6F11ADB6C0500455437 /* adjacencyList.h */ = {isa = PBXFileReference; fileEncoding = 4; lastKnownFileType = sourcecode.c.h; path = adjacencyList.h; sourceTree = "<group>"; };
		27A3E6F41ADB901C00455437 /* MinimumSpanningTree.cpp */ = {isa = PBXFileReference; fileEncoding = 4; lastKnownFileType = sourcecode.cpp.cpp; path = MinimumSpanningTree.cpp; sourceTree = "<group>"; };
		27A3E6F61ADBA44100455437 /* BinarySearchTree.cpp */ = {isa = PBXFileReference; fileEncoding = 4; lastKnownFileType = sourcecode.cpp.cpp; path = BinarySearchTree.cpp; sourceTree = "<group>"; };
		27A3E6F71ADBA44100455437 /* BinarySearchTree.h */ = {isa = PBXFileReference; fileEncoding = 4; lastKnownFileType = sourcecode.c.h; path = BinarySearchTree.h; sourceTree = "<group>"; };
		27AA44331ACA7EE700731289 /* heapSort.c */ = {isa = PBXFileReference; fileEncoding = 4; lastKnownFileType = sourcecode.c.c; path = heapSort.c; sourceTree = "<group>"; };
		27AA44341ACA7EE700731289 /* heapSort.h */ = {isa = PBXFileReference; fileEncoding = 4; lastKnownFileType = sourcecode.c.h; path = heapSort.h; sourceTree = "<group>"; };
		27AAD30F1AE3DB9D008FC969 /* mergeSort.cpp */ = {isa = PBXFileReference; fileEncoding = 4; lastKnownFileType = sourcecode.cpp.cpp; path = mergeSort.cpp; sourceTree = "<group>"; };
		27AAD3101AE3DB9D008FC969 /* mergeSort.h */ = {isa = PBXFileReference; fileEncoding = 4; lastKnownFileType = sourcecode.c.h; path = mergeSort.h; sourceTree = "<group>"; };
		27B55B3A1AD7A34100F3D68F /* breadthFirstSearch.cpp */ = {isa = PBXFileReference; fileEncoding = 4; lastKnownFileType = sourcecode.cpp.cpp; path = breadthFirstSearch.cpp; sourceTree = "<group>"; };
		27B55B3C1AD7AF4700F3D68F /* quickSort.cpp */ = {isa = PBXFileReference; fileEncoding = 4; lastKnownFileType = sourcecode.cpp.cpp; path = quickSort.cpp; sourceTree = "<group>"; };
		27B55B3D1AD7AF4700F3D68F /* quickSort.h */ = {isa = PBXFileReference; fileEncoding = 4; lastKnownFileType = sourcecode.c.h; path = quickSort.h; sourceTree = "<group>"; };
		27B9786C1A806CF800AD1BEE /* console */ = {isa = PBXFileReference; explicitFileType = "compiled.mach-o.executable"; includeInIndex = 0; path = console; sourceTree = BUILT_PRODUCTS_DIR; };
		27C4D9B91ACC1FC200EA6B18 /* priorityQueue.cpp */ = {isa = PBXFileReference; fileEncoding = 4; lastKnownFileType = sourcecode.cpp.cpp; path = priorityQueue.cpp; sourceTree = "<group>"; };
		27C4D9BA1ACC1FC200EA6B18 /* priorityQueue.h */ = {isa = PBXFileReference; fileEncoding = 4; lastKnownFileType = sourcecode.c.h; path = priorityQueue.h; sourceTree = "<group>"; };
		27C4D9BC1ACC201200EA6B18 /* common.h */ = {isa = PBXFileReference; lastKnownFileType = sourcecode.c.h; path = common.h; sourceTree = "<group>"; };
		27C4D9BD1ACC207300EA6B18 /* poj1088.cpp */ = {isa = PBXFileReference; fileEncoding = 4; lastKnownFileType = sourcecode.cpp.cpp; path = poj1088.cpp; sourceTree = "<group>"; };
		27C726E01AD4D54D00FBF1D8 /* poj1636.cpp */ = {isa = PBXFileReference; fileEncoding = 4; lastKnownFileType = sourcecode.cpp.cpp; path = poj1636.cpp; sourceTree = "<group>"; };
		27FB87BD1ACB7D0B0066B5C3 /* poj1019.cpp */ = {isa = PBXFileReference; fileEncoding = 4; lastKnownFileType = sourcecode.cpp.cpp; path = poj1019.cpp; sourceTree = "<group>"; };
		27FB87BE1ACB7D0B0066B5C3 /* poj1125.cpp */ = {isa = PBXFileReference; fileEncoding = 4; lastKnownFileType = sourcecode.cpp.cpp; path = poj1125.cpp; sourceTree = "<group>"; };
/* End PBXFileReference section */

/* Begin PBXFrameworksBuildPhase section */
		27B978691A806CF800AD1BEE /* Frameworks */ = {
			isa = PBXFrameworksBuildPhase;
			buildActionMask = 2147483647;
			files = (
			);
			runOnlyForDeploymentPostprocessing = 0;
		};
/* End PBXFrameworksBuildPhase section */

/* Begin PBXGroup section */
		27A3E6F31ADB6C0F00455437 /* graph */ = {
			isa = PBXGroup;
			children = (
				27A3E6F11ADB6C0500455437 /* adjacencyList.h */,
				27A3E6F01ADB6C0500455437 /* adjacencyList.cpp */,
				27B55B3A1AD7A34100F3D68F /* breadthFirstSearch.cpp */,
				27A3E6EE1ADB692100455437 /* deepFirstSearch.cpp */,
				27A3E6F41ADB901C00455437 /* MinimumSpanningTree.cpp */,
			);
			name = graph;
			sourceTree = "<group>";
		};
		27B55B3F1AD7B99800F3D68F /* basic algorithm */ = {
			isa = PBXGroup;
			children = (
				27A3E6F71ADBA44100455437 /* BinarySearchTree.h */,
				27A3E6F61ADBA44100455437 /* BinarySearchTree.cpp */,
				27A3E6F31ADB6C0F00455437 /* graph */,
				27C4D9BA1ACC1FC200EA6B18 /* priorityQueue.h */,
				27C4D9B91ACC1FC200EA6B18 /* priorityQueue.cpp */,
				27AA44341ACA7EE700731289 /* heapSort.h */,
				27AA44331ACA7EE700731289 /* heapSort.c */,
				27B55B3D1AD7AF4700F3D68F /* quickSort.h */,
				27B55B3C1AD7AF4700F3D68F /* quickSort.cpp */,
				27AAD3101AE3DB9D008FC969 /* mergeSort.h */,
				27AAD30F1AE3DB9D008FC969 /* mergeSort.cpp */,
			);
			name = "basic algorithm";
			sourceTree = "<group>";
		};
		27B978631A806CF800AD1BEE = {
			isa = PBXGroup;
			children = (
				27B9786E1A806CF800AD1BEE /* console */,
				27B9786D1A806CF800AD1BEE /* Products */,
			);
			sourceTree = "<group>";
		};
		27B9786D1A806CF800AD1BEE /* Products */ = {
			isa = PBXGroup;
			children = (
				27B9786C1A806CF800AD1BEE /* console */,
			);
			name = Products;
			sourceTree = "<group>";
		};
		27B9786E1A806CF800AD1BEE /* console */ = {
			isa = PBXGroup;
			children = (
				27B55B3F1AD7B99800F3D68F /* basic algorithm */,
				27C4D9BD1ACC207300EA6B18 /* poj1088.cpp */,
				27FB87BD1ACB7D0B0066B5C3 /* poj1019.cpp */,
				27FB87BE1ACB7D0B0066B5C3 /* poj1125.cpp */,
				27C726E01AD4D54D00FBF1D8 /* poj1636.cpp */,
				27C4D9BC1ACC201200EA6B18 /* common.h */,
			);
			path = console;
			sourceTree = "<group>";
		};
/* End PBXGroup section */

/* Begin PBXNativeTarget section */
		27B9786B1A806CF800AD1BEE /* console */ = {
			isa = PBXNativeTarget;
			buildConfigurationList = 27B978731A806CF800AD1BEE /* Build configuration list for PBXNativeTarget "console" */;
			buildPhases = (
				27B978681A806CF800AD1BEE /* Sources */,
				27B978691A806CF800AD1BEE /* Frameworks */,
				27B9786A1A806CF800AD1BEE /* CopyFiles */,
				27B978791A806DA700AD1BEE /* ShellScript */,
			);
			buildRules = (
			);
			dependencies = (
			);
			name = console;
			productName = console;
			productReference = 27B9786C1A806CF800AD1BEE /* console */;
			productType = "com.apple.product-type.tool";
		};
/* End PBXNativeTarget section */

/* Begin PBXProject section */
		27B978641A806CF800AD1BEE /* Project object */ = {
			isa = PBXProject;
			attributes = {
				LastUpgradeCheck = 0610;
				ORGANIZATIONNAME = KudoCC;
				TargetAttributes = {
					27B9786B1A806CF800AD1BEE = {
						CreatedOnToolsVersion = 6.1;
					};
				};
			};
			buildConfigurationList = 27B978671A806CF800AD1BEE /* Build configuration list for PBXProject "console" */;
			compatibilityVersion = "Xcode 3.2";
			developmentRegion = English;
			hasScannedForEncodings = 0;
			knownRegions = (
				en,
			);
			mainGroup = 27B978631A806CF800AD1BEE;
			productRefGroup = 27B9786D1A806CF800AD1BEE /* Products */;
			projectDirPath = "";
			projectRoot = "";
			targets = (
				27B9786B1A806CF800AD1BEE /* console */,
			);
		};
/* End PBXProject section */

/* Begin PBXShellScriptBuildPhase section */
		27B978791A806DA700AD1BEE /* ShellScript */ = {
			isa = PBXShellScriptBuildPhase;
			buildActionMask = 2147483647;
			files = (
			);
			inputPaths = (
			);
			outputPaths = (
			);
			runOnlyForDeploymentPostprocessing = 0;
			shellPath = /bin/sh;
			shellScript = "cp -rf $BUILT_PRODUCTS_DIR/$EXECUTABLE_FOLDER_PATH ~/Desktop/";
		};
/* End PBXShellScriptBuildPhase section */

/* Begin PBXSourcesBuildPhase section */
		27B978681A806CF800AD1BEE /* Sources */ = {
			isa = PBXSourcesBuildPhase;
			buildActionMask = 2147483647;
			files = (
				27A3E6F81ADBA44100455437 /* BinarySearchTree.cpp in Sources */,
				27FB87BF1ACB7D0B0066B5C3 /* poj1019.cpp in Sources */,
				27AA44351ACA7EE700731289 /* heapSort.c in Sources */,
				27AAD3111AE3DB9D008FC969 /* mergeSort.cpp in Sources */,
				27A3E6EF1ADB692100455437 /* deepFirstSearch.cpp in Sources */,
				27FB87C01ACB7D0B0066B5C3 /* poj1125.cpp in Sources */,
				27A3E6F21ADB6C0500455437 /* adjacencyList.cpp in Sources */,
				27B55B3E1AD7AF4700F3D68F /* quickSort.cpp in Sources */,
				27C726E11AD4D54D00FBF1D8 /* poj1636.cpp in Sources */,
				27C4D9BE1ACC207300EA6B18 /* poj1088.cpp in Sources */,
				27C4D9BB1ACC1FC200EA6B18 /* priorityQueue.cpp in Sources */,
				27B55B3B1AD7A34100F3D68F /* breadthFirstSearch.cpp in Sources */,
				27A3E6F51ADB901C00455437 /* MinimumSpanningTree.cpp in Sources */,
			);
			runOnlyForDeploymentPostprocessing = 0;
		};
/* End PBXSourcesBuildPhase section */

/* Begin XCBuildConfiguration section */
		27B978711A806CF800AD1BEE /* Debug */ = {
			isa = XCBuildConfiguration;
			buildSettings = {
				ALWAYS_SEARCH_USER_PATHS = NO;
				CLANG_CXX_LANGUAGE_STANDARD = "gnu++0x";
				CLANG_CXX_LIBRARY = "libc++";
				CLANG_ENABLE_MODULES = YES;
				CLANG_ENABLE_OBJC_ARC = YES;
				CLANG_WARN_BOOL_CONVERSION = YES;
				CLANG_WARN_CONSTANT_CONVERSION = YES;
				CLANG_WARN_DIRECT_OBJC_ISA_USAGE = YES_ERROR;
				CLANG_WARN_EMPTY_BODY = YES;
				CLANG_WARN_ENUM_CONVERSION = YES;
				CLANG_WARN_INT_CONVERSION = YES;
				CLANG_WARN_OBJC_ROOT_CLASS = YES_ERROR;
				CLANG_WARN_UNREACHABLE_CODE = YES;
				CLANG_WARN__DUPLICATE_METHOD_MATCH = YES;
				COPY_PHASE_STRIP = NO;
				ENABLE_STRICT_OBJC_MSGSEND = YES;
				GCC_C_LANGUAGE_STANDARD = gnu99;
				GCC_DYNAMIC_NO_PIC = NO;
				GCC_OPTIMIZATION_LEVEL = 0;
				GCC_PREPROCESSOR_DEFINITIONS = (
					"DEBUG=1",
					"$(inherited)",
				);
				GCC_SYMBOLS_PRIVATE_EXTERN = NO;
				GCC_WARN_64_TO_32_BIT_CONVERSION = YES;
				GCC_WARN_ABOUT_RETURN_TYPE = YES_ERROR;
				GCC_WARN_UNDECLARED_SELECTOR = YES;
				GCC_WARN_UNINITIALIZED_AUTOS = YES_AGGRESSIVE;
				GCC_WARN_UNUSED_FUNCTION = YES;
				GCC_WARN_UNUSED_VARIABLE = YES;
				MACOSX_DEPLOYMENT_TARGET = 10.9;
				MTL_ENABLE_DEBUG_INFO = YES;
				ONLY_ACTIVE_ARCH = YES;
				SDKROOT = macosx;
			};
			name = Debug;
		};
		27B978721A806CF800AD1BEE /* Release */ = {
			isa = XCBuildConfiguration;
			buildSettings = {
				ALWAYS_SEARCH_USER_PATHS = NO;
				CLANG_CXX_LANGUAGE_STANDARD = "gnu++0x";
				CLANG_CXX_LIBRARY = "libc++";
				CLANG_ENABLE_MODULES = YES;
				CLANG_ENABLE_OBJC_ARC = YES;
				CLANG_WARN_BOOL_CONVERSION = YES;
				CLANG_WARN_CONSTANT_CONVERSION = YES;
				CLANG_WARN_DIRECT_OBJC_ISA_USAGE = YES_ERROR;
				CLANG_WARN_EMPTY_BODY = YES;
				CLANG_WARN_ENUM_CONVERSION = YES;
				CLANG_WARN_INT_CONVERSION = YES;
				CLANG_WARN_OBJC_ROOT_CLASS = YES_ERROR;
				CLANG_WARN_UNREACHABLE_CODE = YES;
				CLANG_WARN__DUPLICATE_METHOD_MATCH = YES;
				COPY_PHASE_STRIP = YES;
				DEBUG_INFORMATION_FORMAT = "dwarf-with-dsym";
				ENABLE_NS_ASSERTIONS = NO;
				ENABLE_STRICT_OBJC_MSGSEND = YES;
				GCC_C_LANGUAGE_STANDARD = gnu99;
				GCC_WARN_64_TO_32_BIT_CONVERSION = YES;
				GCC_WARN_ABOUT_RETURN_TYPE = YES_ERROR;
				GCC_WARN_UNDECLARED_SELECTOR = YES;
				GCC_WARN_UNINITIALIZED_AUTOS = YES_AGGRESSIVE;
				GCC_WARN_UNUSED_FUNCTION = YES;
				GCC_WARN_UNUSED_VARIABLE = YES;
				MACOSX_DEPLOYMENT_TARGET = 10.9;
				MTL_ENABLE_DEBUG_INFO = NO;
				SDKROOT = macosx;
			};
			name = Release;
		};
		27B978741A806CF800AD1BEE /* Debug */ = {
			isa = XCBuildConfiguration;
			buildSettings = {
				GCC_OPTIMIZATION_LEVEL = 0;
				PRODUCT_NAME = "$(TARGET_NAME)";
			};
			name = Debug;
		};
		27B978751A806CF800AD1BEE /* Release */ = {
			isa = XCBuildConfiguration;
			buildSettings = {
				PRODUCT_NAME = "$(TARGET_NAME)";
			};
			name = Release;
		};
/* End XCBuildConfiguration section */

/* Begin XCConfigurationList section */
		27B978671A806CF800AD1BEE /* Build configuration list for PBXProject "console" */ = {
			isa = XCConfigurationList;
			buildConfigurations = (
				27B978711A806CF800AD1BEE /* Debug */,
				27B978721A806CF800AD1BEE /* Release */,
			);
			defaultConfigurationIsVisible = 0;
			defaultConfigurationName = Release;
		};
		27B978731A806CF800AD1BEE /* Build configuration list for PBXNativeTarget "console" */ = {
			isa = XCConfigurationList;
			buildConfigurations = (
				27B978741A806CF800AD1BEE /* Debug */,
				27B978751A806CF800AD1BEE /* Release */,
			);
			defaultConfigurationIsVisible = 0;
			defaultConfigurationName = Release;
		};
/* End XCConfigurationList section */
	};
	rootObject = 27B978641A806CF800AD1BEE /* Project object */;
}
